// !$*UTF8*$!
{
	archiveVersion = 1;
	classes = {
	};
	objectVersion = 77;
	objects = {

/* Begin PBXBuildFile section */
		05FF225EA36AE89A509806EE /* Fredoka.ttf in Resources */ = {isa = PBXBuildFile; fileRef = 9B1D9326AC92E685FC8E8FA4 /* Fredoka.ttf */; };
		0B9D6031B81C63012EC20732 /* PeachMark.swift in Sources */ = {isa = PBXBuildFile; fileRef = CE903E7D6840FE5839263D44 /* PeachMark.swift */; };
		392F8E183059B6EA9A05F493 /* UserDefaultsStore.swift in Sources */ = {isa = PBXBuildFile; fileRef = 8B02E88AA5D4857769FC6CBA /* UserDefaultsStore.swift */; };
		3BBFE385ED66B2C80C3AD23C /* Assets.xcassets in Resources */ = {isa = PBXBuildFile; fileRef = 97004E600C13A851EF35121F /* Assets.xcassets */; };
		41D8B3BCDB8737315F0201EB /* FoundListView.swift in Sources */ = {isa = PBXBuildFile; fileRef = 292C87B75D1A143C95918BC2 /* FoundListView.swift */; };
		43C15BEAA15DC9CD2D95EF10 /* FoundWords.swift in Sources */ = {isa = PBXBuildFile; fileRef = 87D57C0EDF3B689F3DD38D8B /* FoundWords.swift */; };
		484034DB3A40014E929038B6 /* Copy.swift in Sources */ = {isa = PBXBuildFile; fileRef = 853BD1AD0FA8828DDEDC9958 /* Copy.swift */; };
		4F66A7C8858646C38D312CF7 /* ContentView.swift in Sources */ = {isa = PBXBuildFile; fileRef = BFF4B58A2DCB521F6E131BE0 /* ContentView.swift */; };
		5B6D7D2D120B71A7D9225C6D /* GameModel.swift in Sources */ = {isa = PBXBuildFile; fileRef = C650D96D602FB1B894D036D4 /* GameModel.swift */; };
		764E1778E37346F1BAB8F914 /* Confetti.swift in Sources */ = {isa = PBXBuildFile; fileRef = 073F893A5598AE31EEBA4CC8 /* Confetti.swift */; };
		89711C844650FD9D23F1682C /* CuteTheme.swift in Sources */ = {isa = PBXBuildFile; fileRef = D010BAEFA973AF7287018909 /* CuteTheme.swift */; };
		AD43D27C5DF0F8483E925A94 /* Feel.swift in Sources */ = {isa = PBXBuildFile; fileRef = ED8A0E253CE7FAC05283189A /* Feel.swift */; };
		B36979B5CE016AE1A7A6B2E4 /* TierMeterView.swift in Sources */ = {isa = PBXBuildFile; fileRef = B0FC30860DACC210EC387F45 /* TierMeterView.swift */; };
		B4D694BA5B69CFCADB2C91E5 /* OFL-Nunito.txt in Resources */ = {isa = PBXBuildFile; fileRef = 328DDC280349D3CE14C04446 /* OFL-Nunito.txt */; };
		B7A0626B92E5DE08C658E75B /* PeachMinimalApp.swift in Sources */ = {isa = PBXBuildFile; fileRef = A6BC8D1EAB078F5836D0D541 /* PeachMinimalApp.swift */; };
		BE8A4A458906528D11C0384C /* Nunito.ttf in Resources */ = {isa = PBXBuildFile; fileRef = 267E84602A1D86C40AFE98C8 /* Nunito.ttf */; };
		C16DC1AF552F32C516F2999C /* PeachEngine in Frameworks */ = {isa = PBXBuildFile; productRef = 1E3E91475396CC921BD6D972 /* PeachEngine */; };
		CED3AD56F9FD517A409ECF86 /* OFL-Fredoka.txt in Resources */ = {isa = PBXBuildFile; fileRef = 4F14A007AB2F56B856DA81DF /* OFL-Fredoka.txt */; };
		D6541A0C1829DB7B7FB14009 /* CompletionCard.swift in Sources */ = {isa = PBXBuildFile; fileRef = 9765C7864BE15399E04F96B0 /* CompletionCard.swift */; };
		D9C442FE14EF4E43ADE204C0 /* SourceRevealCard.swift in Sources */ = {isa = PBXBuildFile; fileRef = 68FB1064590068D400F31B7E /* SourceRevealCard.swift */; };
		DEBB3054A1673B98359D4E2A /* Data in Resources */ = {isa = PBXBuildFile; fileRef = 09654FE2A710674343750AB2 /* Data */; };
/* End PBXBuildFile section */

/* Begin PBXFileReference section */
		073F893A5598AE31EEBA4CC8 /* Confetti.swift */ = {isa = PBXFileReference; lastKnownFileType = sourcecode.swift; path = Confetti.swift; sourceTree = "<group>"; };
		09654FE2A710674343750AB2 /* Data */ = {isa = PBXFileReference; lastKnownFileType = folder; path = Data; sourceTree = SOURCE_ROOT; };
		267E84602A1D86C40AFE98C8 /* Nunito.ttf */ = {isa = PBXFileReference; lastKnownFileType = file; path = Nunito.ttf; sourceTree = "<group>"; };
		292C87B75D1A143C95918BC2 /* FoundListView.swift */ = {isa = PBXFileReference; lastKnownFileType = sourcecode.swift; path = FoundListView.swift; sourceTree = "<group>"; };
		2A7973E0DADFAEC912B2F4E3 /* peach-of-a-word-swift */ = {isa = PBXFileReference; lastKnownFileType = folder; name = "peach-of-a-word-swift"; path = .; sourceTree = SOURCE_ROOT; };
		328DDC280349D3CE14C04446 /* OFL-Nunito.txt */ = {isa = PBXFileReference; lastKnownFileType = text; path = "OFL-Nunito.txt"; sourceTree = "<group>"; };
		4F14A007AB2F56B856DA81DF /* OFL-Fredoka.txt */ = {isa = PBXFileReference; lastKnownFileType = text; path = "OFL-Fredoka.txt"; sourceTree = "<group>"; };
		68FB1064590068D400F31B7E /* SourceRevealCard.swift */ = {isa = PBXFileReference; lastKnownFileType = sourcecode.swift; path = SourceRevealCard.swift; sourceTree = "<group>"; };
		73E4E374E50CE0352E246957 /* Info.plist */ = {isa = PBXFileReference; lastKnownFileType = text.plist; path = Info.plist; sourceTree = "<group>"; };
		853BD1AD0FA8828DDEDC9958 /* Copy.swift */ = {isa = PBXFileReference; lastKnownFileType = sourcecode.swift; path = Copy.swift; sourceTree = "<group>"; };
		87D57C0EDF3B689F3DD38D8B /* FoundWords.swift */ = {isa = PBXFileReference; lastKnownFileType = sourcecode.swift; path = FoundWords.swift; sourceTree = "<group>"; };
		8B02E88AA5D4857769FC6CBA /* UserDefaultsStore.swift */ = {isa = PBXFileReference; lastKnownFileType = sourcecode.swift; path = UserDefaultsStore.swift; sourceTree = "<group>"; };
		97004E600C13A851EF35121F /* Assets.xcassets */ = {isa = PBXFileReference; lastKnownFileType = folder.assetcatalog; path = Assets.xcassets; sourceTree = "<group>"; };
		9765C7864BE15399E04F96B0 /* CompletionCard.swift */ = {isa = PBXFileReference; lastKnownFileType = sourcecode.swift; path = CompletionCard.swift; sourceTree = "<group>"; };
		9B1D9326AC92E685FC8E8FA4 /* Fredoka.ttf */ = {isa = PBXFileReference; lastKnownFileType = file; path = Fredoka.ttf; sourceTree = "<group>"; };
		A207D5A72C82FD3BF19D8D12 /* PeachOfAWord.app */ = {isa = PBXFileReference; includeInIndex = 0; lastKnownFileType = wrapper.application; path = PeachOfAWord.app; sourceTree = BUILT_PRODUCTS_DIR; };
		A6BC8D1EAB078F5836D0D541 /* PeachMinimalApp.swift */ = {isa = PBXFileReference; lastKnownFileType = sourcecode.swift; path = PeachMinimalApp.swift; sourceTree = "<group>"; };
		B0FC30860DACC210EC387F45 /* TierMeterView.swift */ = {isa = PBXFileReference; lastKnownFileType = sourcecode.swift; path = TierMeterView.swift; sourceTree = "<group>"; };
		BFF4B58A2DCB521F6E131BE0 /* ContentView.swift */ = {isa = PBXFileReference; lastKnownFileType = sourcecode.swift; path = ContentView.swift; sourceTree = "<group>"; };
		C650D96D602FB1B894D036D4 /* GameModel.swift */ = {isa = PBXFileReference; lastKnownFileType = sourcecode.swift; path = GameModel.swift; sourceTree = "<group>"; };
		CE903E7D6840FE5839263D44 /* PeachMark.swift */ = {isa = PBXFileReference; lastKnownFileType = sourcecode.swift; path = PeachMark.swift; sourceTree = "<group>"; };
		D010BAEFA973AF7287018909 /* CuteTheme.swift */ = {isa = PBXFileReference; lastKnownFileType = sourcecode.swift; path = CuteTheme.swift; sourceTree = "<group>"; };
		ED8A0E253CE7FAC05283189A /* Feel.swift */ = {isa = PBXFileReference; lastKnownFileType = sourcecode.swift; path = Feel.swift; sourceTree = "<group>"; };
/* End PBXFileReference section */

/* Begin PBXFrameworksBuildPhase section */
		DE143288F665EAFADA1027BE /* Frameworks */ = {
			isa = PBXFrameworksBuildPhase;
			buildActionMask = 2147483647;
			files = (
				C16DC1AF552F32C516F2999C /* PeachEngine in Frameworks */,
			);
			runOnlyForDeploymentPostprocessing = 0;
		};
/* End PBXFrameworksBuildPhase section */

/* Begin PBXGroup section */
		6C9CC8CB6E906327A220832C /* Fonts */ = {
			isa = PBXGroup;
			children = (
				9B1D9326AC92E685FC8E8FA4 /* Fredoka.ttf */,
				267E84602A1D86C40AFE98C8 /* Nunito.ttf */,
				4F14A007AB2F56B856DA81DF /* OFL-Fredoka.txt */,
				328DDC280349D3CE14C04446 /* OFL-Nunito.txt */,
			);
			path = Fonts;
			sourceTree = "<group>";
		};
		97E254D9AD94F961E4563A2D /* Products */ = {
			isa = PBXGroup;
			children = (
				A207D5A72C82FD3BF19D8D12 /* PeachOfAWord.app */,
			);
			name = Products;
			sourceTree = "<group>";
		};
		CFC49FC156BA05B03B3E85AD /* Packages */ = {
			isa = PBXGroup;
			children = (
				2A7973E0DADFAEC912B2F4E3 /* peach-of-a-word-swift */,
			);
			name = Packages;
			sourceTree = "<group>";
		};
		D8321A7698619EE82A13229A = {
			isa = PBXGroup;
			children = (
				09654FE2A710674343750AB2 /* Data */,
				F8EECD45037958E4EB9D6283 /* App */,
				CFC49FC156BA05B03B3E85AD /* Packages */,
				97E254D9AD94F961E4563A2D /* Products */,
			);
			sourceTree = "<group>";
		};
		F8EECD45037958E4EB9D6283 /* App */ = {
			isa = PBXGroup;
			children = (
				97004E600C13A851EF35121F /* Assets.xcassets */,
				9765C7864BE15399E04F96B0 /* CompletionCard.swift */,
				073F893A5598AE31EEBA4CC8 /* Confetti.swift */,
				BFF4B58A2DCB521F6E131BE0 /* ContentView.swift */,
				853BD1AD0FA8828DDEDC9958 /* Copy.swift */,
				D010BAEFA973AF7287018909 /* CuteTheme.swift */,
				ED8A0E253CE7FAC05283189A /* Feel.swift */,
				292C87B75D1A143C95918BC2 /* FoundListView.swift */,
				87D57C0EDF3B689F3DD38D8B /* FoundWords.swift */,
				C650D96D602FB1B894D036D4 /* GameModel.swift */,
				73E4E374E50CE0352E246957 /* Info.plist */,
				CE903E7D6840FE5839263D44 /* PeachMark.swift */,
				A6BC8D1EAB078F5836D0D541 /* PeachMinimalApp.swift */,
				68FB1064590068D400F31B7E /* SourceRevealCard.swift */,
				B0FC30860DACC210EC387F45 /* TierMeterView.swift */,
				8B02E88AA5D4857769FC6CBA /* UserDefaultsStore.swift */,
				6C9CC8CB6E906327A220832C /* Fonts */,
			);
			path = App;
			sourceTree = "<group>";
		};
/* End PBXGroup section */

/* Begin PBXNativeTarget section */
		0AE0793D8AFD48926C508EEB /* PeachOfAWord */ = {
			isa = PBXNativeTarget;
			buildConfigurationList = 9A10285EA65E9EEBF2F35E8B /* Build configuration list for PBXNativeTarget "PeachOfAWord" */;
			buildPhases = (
				4AEDC9D63727ABA174820E31 /* Sources */,
				F42DD95E5A0A421F851A780B /* Resources */,
				DE143288F665EAFADA1027BE /* Frameworks */,
			);
			buildRules = (
			);
			dependencies = (
			);
			name = PeachOfAWord;
			packageProductDependencies = (
				1E3E91475396CC921BD6D972 /* PeachEngine */,
			);
			productName = PeachOfAWord;
			productReference = A207D5A72C82FD3BF19D8D12 /* PeachOfAWord.app */;
			productType = "com.apple.product-type.application";
		};
/* End PBXNativeTarget section */

/* Begin PBXProject section */
		A283F8E5B8E0C1960D2AE010 /* Project object */ = {
			isa = PBXProject;
			attributes = {
				BuildIndependentTargetsInParallel = YES;
				LastUpgradeCheck = 1430;
				TargetAttributes = {
					0AE0793D8AFD48926C508EEB = {
						DevelopmentTeam = 9ML46U556H;
						ProvisioningStyle = Automatic;
					};
				};
			};
			buildConfigurationList = C52F20B4FC660DFA3D0B894B /* Build configuration list for PBXProject "PeachOfAWord" */;
			developmentRegion = en;
			hasScannedForEncodings = 0;
			knownRegions = (
				Base,
				en,
			);
			mainGroup = D8321A7698619EE82A13229A;
			minimizedProjectReferenceProxies = 1;
			packageReferences = (
				CFFAD8EAA40E481C9FE0C739 /* XCLocalSwiftPackageReference "." */,
			);
			preferredProjectObjectVersion = 77;
			productRefGroup = 97E254D9AD94F961E4563A2D /* Products */;
			projectDirPath = "";
			projectRoot = "";
			targets = (
				0AE0793D8AFD48926C508EEB /* PeachOfAWord */,
			);
		};
/* End PBXProject section */

/* Begin PBXResourcesBuildPhase section */
		F42DD95E5A0A421F851A780B /* Resources */ = {
			isa = PBXResourcesBuildPhase;
			buildActionMask = 2147483647;
			files = (
				3BBFE385ED66B2C80C3AD23C /* Assets.xcassets in Resources */,
				DEBB3054A1673B98359D4E2A /* Data in Resources */,
				05FF225EA36AE89A509806EE /* Fredoka.ttf in Resources */,
				BE8A4A458906528D11C0384C /* Nunito.ttf in Resources */,
				CED3AD56F9FD517A409ECF86 /* OFL-Fredoka.txt in Resources */,
				B4D694BA5B69CFCADB2C91E5 /* OFL-Nunito.txt in Resources */,
			);
			runOnlyForDeploymentPostprocessing = 0;
		};
/* End PBXResourcesBuildPhase section */

/* Begin PBXSourcesBuildPhase section */
		4AEDC9D63727ABA174820E31 /* Sources */ = {
			isa = PBXSourcesBuildPhase;
			buildActionMask = 2147483647;
			files = (
				D6541A0C1829DB7B7FB14009 /* CompletionCard.swift in Sources */,
				764E1778E37346F1BAB8F914 /* Confetti.swift in Sources */,
				4F66A7C8858646C38D312CF7 /* ContentView.swift in Sources */,
				484034DB3A40014E929038B6 /* Copy.swift in Sources */,
				89711C844650FD9D23F1682C /* CuteTheme.swift in Sources */,
				AD43D27C5DF0F8483E925A94 /* Feel.swift in Sources */,
				41D8B3BCDB8737315F0201EB /* FoundListView.swift in Sources */,
				43C15BEAA15DC9CD2D95EF10 /* FoundWords.swift in Sources */,
				5B6D7D2D120B71A7D9225C6D /* GameModel.swift in Sources */,
				0B9D6031B81C63012EC20732 /* PeachMark.swift in Sources */,
				B7A0626B92E5DE08C658E75B /* PeachMinimalApp.swift in Sources */,
				D9C442FE14EF4E43ADE204C0 /* SourceRevealCard.swift in Sources */,
				B36979B5CE016AE1A7A6B2E4 /* TierMeterView.swift in Sources */,
				392F8E183059B6EA9A05F493 /* UserDefaultsStore.swift in Sources */,
			);
			runOnlyForDeploymentPostprocessing = 0;
		};
/* End PBXSourcesBuildPhase section */

/* Begin XCBuildConfiguration section */
		1BAC8A0D6D12BF2205DC9504 /* Debug */ = {
			isa = XCBuildConfiguration;
			buildSettings = {
				ALWAYS_SEARCH_USER_PATHS = NO;
				CLANG_ANALYZER_NONNULL = YES;
				CLANG_ANALYZER_NUMBER_OBJECT_CONVERSION = YES_AGGRESSIVE;
				CLANG_CXX_LANGUAGE_STANDARD = "gnu++14";
				CLANG_CXX_LIBRARY = "libc++";
				CLANG_ENABLE_MODULES = YES;
				CLANG_ENABLE_OBJC_ARC = YES;
				CLANG_ENABLE_OBJC_WEAK = YES;
				CLANG_WARN_BLOCK_CAPTURE_AUTORELEASING = YES;
				CLANG_WARN_BOOL_CONVERSION = YES;
				CLANG_WARN_COMMA = YES;
				CLANG_WARN_CONSTANT_CONVERSION = YES;
				CLANG_WARN_DEPRECATED_OBJC_IMPLEMENTATIONS = YES;
				CLANG_WARN_DIRECT_OBJC_ISA_USAGE = YES_ERROR;
				CLANG_WARN_DOCUMENTATION_COMMENTS = YES;
				CLANG_WARN_EMPTY_BODY = YES;
				CLANG_WARN_ENUM_CONVERSION = YES;
				CLANG_WARN_INFINITE_RECURSION = YES;
				CLANG_WARN_INT_CONVERSION = YES;
				CLANG_WARN_NON_LITERAL_NULL_CONVERSION = YES;
				CLANG_WARN_OBJC_IMPLICIT_RETAIN_SELF = YES;
				CLANG_WARN_OBJC_LITERAL_CONVERSION = YES;
				CLANG_WARN_OBJC_ROOT_CLASS = YES_ERROR;
				CLANG_WARN_QUOTED_INCLUDE_IN_FRAMEWORK_HEADER = YES;
				CLANG_WARN_RANGE_LOOP_ANALYSIS = YES;
				CLANG_WARN_STRICT_PROTOTYPES = YES;
				CLANG_WARN_SUSPICIOUS_MOVE = YES;
				CLANG_WARN_UNGUARDED_AVAILABILITY = YES_AGGRESSIVE;
				CLANG_WARN_UNREACHABLE_CODE = YES;
				CLANG_WARN__DUPLICATE_METHOD_MATCH = YES;
				COPY_PHASE_STRIP = NO;
				DEBUG_INFORMATION_FORMAT = dwarf;
				ENABLE_STRICT_OBJC_MSGSEND = YES;
				ENABLE_TESTABILITY = YES;
				GCC_C_LANGUAGE_STANDARD = gnu11;
				GCC_DYNAMIC_NO_PIC = NO;
				GCC_NO_COMMON_BLOCKS = YES;
				GCC_OPTIMIZATION_LEVEL = 0;
				GCC_PREPROCESSOR_DEFINITIONS = (
					"$(inherited)",
					"DEBUG=1",
				);
				GCC_WARN_64_TO_32_BIT_CONVERSION = YES;
				GCC_WARN_ABOUT_RETURN_TYPE = YES_ERROR;
				GCC_WARN_UNDECLARED_SELECTOR = YES;
				GCC_WARN_UNINITIALIZED_AUTOS = YES_AGGRESSIVE;
				GCC_WARN_UNUSED_FUNCTION = YES;
				GCC_WARN_UNUSED_VARIABLE = YES;
				IPHONEOS_DEPLOYMENT_TARGET = 17.0;
				MTL_ENABLE_DEBUG_INFO = INCLUDE_SOURCE;
				MTL_FAST_MATH = YES;
				ONLY_ACTIVE_ARCH = YES;
				PRODUCT_NAME = "$(TARGET_NAME)";
				SDKROOT = iphoneos;
				SWIFT_ACTIVE_COMPILATION_CONDITIONS = DEBUG;
				SWIFT_OPTIMIZATION_LEVEL = "-Onone";
				SWIFT_VERSION = 5.0;
			};
			name = Debug;
		};
		5DFC468CB8ED311772DA05CB /* Debug */ = {
			isa = XCBuildConfiguration;
			buildSettings = {
				ASSETCATALOG_COMPILER_APPICON_NAME = AppIcon;
				CODE_SIGN_IDENTITY = "iPhone Developer";
				CODE_SIGN_STYLE = Automatic;
				CURRENT_PROJECT_VERSION = 1;
				DEVELOPMENT_TEAM = 9ML46U556H;
				GENERATE_INFOPLIST_FILE = NO;
				INFOPLIST_FILE = App/Info.plist;
				LD_RUNPATH_SEARCH_PATHS = (
					"$(inherited)",
					"@executable_path/Frameworks",
				);
				MARKETING_VERSION = 0.1;
				PRODUCT_BUNDLE_IDENTIFIER = com.anthonyliddle.peachofaword;
				PRODUCT_NAME = PeachOfAWord;
				SDKROOT = iphoneos;
				SWIFT_VERSION = 6.0;
				TARGETED_DEVICE_FAMILY = 1;
			};
			name = Debug;
		};
		9BAD0EDE0EF6BFC3C9A47B90 /* Release */ = {
			isa = XCBuildConfiguration;
			buildSettings = {
				ASSETCATALOG_COMPILER_APPICON_NAME = AppIcon;
				CODE_SIGN_IDENTITY = "iPhone Developer";
				CODE_SIGN_STYLE = Automatic;
				CURRENT_PROJECT_VERSION = 1;
				DEVELOPMENT_TEAM = 9ML46U556H;
				GENERATE_INFOPLIST_FILE = NO;
				INFOPLIST_FILE = App/Info.plist;
				LD_RUNPATH_SEARCH_PATHS = (
					"$(inherited)",
					"@executable_path/Frameworks",
				);
				MARKETING_VERSION = 0.1;
				PRODUCT_BUNDLE_IDENTIFIER = com.anthonyliddle.peachofaword;
				PRODUCT_NAME = PeachOfAWord;
				SDKROOT = iphoneos;
				SWIFT_VERSION = 6.0;
				TARGETED_DEVICE_FAMILY = 1;
			};
			name = Release;
		};
		A7507C6DE06BB90B4C155AAE /* Release */ = {
			isa = XCBuildConfiguration;
			buildSettings = {
				ALWAYS_SEARCH_USER_PATHS = NO;
				CLANG_ANALYZER_NONNULL = YES;
				CLANG_ANALYZER_NUMBER_OBJECT_CONVERSION = YES_AGGRESSIVE;
				CLANG_CXX_LANGUAGE_STANDARD = "gnu++14";
				CLANG_CXX_LIBRARY = "libc++";
				CLANG_ENABLE_MODULES = YES;
				CLANG_ENABLE_OBJC_ARC = YES;
				CLANG_ENABLE_OBJC_WEAK = YES;
				CLANG_WARN_BLOCK_CAPTURE_AUTORELEASING = YES;
				CLANG_WARN_BOOL_CONVERSION = YES;
				CLANG_WARN_COMMA = YES;
				CLANG_WARN_CONSTANT_CONVERSION = YES;
				CLANG_WARN_DEPRECATED_OBJC_IMPLEMENTATIONS = YES;
				CLANG_WARN_DIRECT_OBJC_ISA_USAGE = YES_ERROR;
				CLANG_WARN_DOCUMENTATION_COMMENTS = YES;
				CLANG_WARN_EMPTY_BODY = YES;
				CLANG_WARN_ENUM_CONVERSION = YES;
				CLANG_WARN_INFINITE_RECURSION = YES;
				CLANG_WARN_INT_CONVERSION = YES;
				CLANG_WARN_NON_LITERAL_NULL_CONVERSION = YES;
				CLANG_WARN_OBJC_IMPLICIT_RETAIN_SELF = YES;
				CLANG_WARN_OBJC_LITERAL_CONVERSION = YES;
				CLANG_WARN_OBJC_ROOT_CLASS = YES_ERROR;
				CLANG_WARN_QUOTED_INCLUDE_IN_FRAMEWORK_HEADER = YES;
				CLANG_WARN_RANGE_LOOP_ANALYSIS = YES;
				CLANG_WARN_STRICT_PROTOTYPES = YES;
				CLANG_WARN_SUSPICIOUS_MOVE = YES;
				CLANG_WARN_UNGUARDED_AVAILABILITY = YES_AGGRESSIVE;
				CLANG_WARN_UNREACHABLE_CODE = YES;
				CLANG_WARN__DUPLICATE_METHOD_MATCH = YES;
				COPY_PHASE_STRIP = NO;
				DEBUG_INFORMATION_FORMAT = "dwarf-with-dsym";
				ENABLE_NS_ASSERTIONS = NO;
				ENABLE_STRICT_OBJC_MSGSEND = YES;
				GCC_C_LANGUAGE_STANDARD = gnu11;
				GCC_NO_COMMON_BLOCKS = YES;
				GCC_WARN_64_TO_32_BIT_CONVERSION = YES;
				GCC_WARN_ABOUT_RETURN_TYPE = YES_ERROR;
				GCC_WARN_UNDECLARED_SELECTOR = YES;
				GCC_WARN_UNINITIALIZED_AUTOS = YES_AGGRESSIVE;
				GCC_WARN_UNUSED_FUNCTION = YES;
				GCC_WARN_UNUSED_VARIABLE = YES;
				IPHONEOS_DEPLOYMENT_TARGET = 17.0;
				MTL_ENABLE_DEBUG_INFO = NO;
				MTL_FAST_MATH = YES;
				PRODUCT_NAME = "$(TARGET_NAME)";
				SDKROOT = iphoneos;
				SWIFT_COMPILATION_MODE = wholemodule;
				SWIFT_OPTIMIZATION_LEVEL = "-O";
				SWIFT_VERSION = 5.0;
			};
			name = Release;
		};
/* End XCBuildConfiguration section */

/* Begin XCConfigurationList section */
		9A10285EA65E9EEBF2F35E8B /* Build configuration list for PBXNativeTarget "PeachOfAWord" */ = {
			isa = XCConfigurationList;
			buildConfigurations = (
				5DFC468CB8ED311772DA05CB /* Debug */,
				9BAD0EDE0EF6BFC3C9A47B90 /* Release */,
			);
			defaultConfigurationIsVisible = 0;
			defaultConfigurationName = Debug;
		};
		C52F20B4FC660DFA3D0B894B /* Build configuration list for PBXProject "PeachOfAWord" */ = {
			isa = XCConfigurationList;
			buildConfigurations = (
				1BAC8A0D6D12BF2205DC9504 /* Debug */,
				A7507C6DE06BB90B4C155AAE /* Release */,
			);
			defaultConfigurationIsVisible = 0;
			defaultConfigurationName = Debug;
		};
/* End XCConfigurationList section */

/* Begin XCLocalSwiftPackageReference section */
		CFFAD8EAA40E481C9FE0C739 /* XCLocalSwiftPackageReference "." */ = {
			isa = XCLocalSwiftPackageReference;
			relativePath = .;
		};
/* End XCLocalSwiftPackageReference section */

/* Begin XCSwiftPackageProductDependency section */
		1E3E91475396CC921BD6D972 /* PeachEngine */ = {
			isa = XCSwiftPackageProductDependency;
			productName = PeachEngine;
		};
/* End XCSwiftPackageProductDependency section */
	};
	rootObject = A283F8E5B8E0C1960D2AE010 /* Project object */;
}
